
Microsoft Visual Studio Solution File, Format Version 12.00
# Visual Studio Version 17
VisualStudioVersion = 17.10.35013.160
MinimumVisualStudioVersion = 10.0.40219.1
Project("{FAE04EC0-301F-11D3-BF4B-00C04F79EFBC}") = "ThesesApi", "ThesesApi\ThesesApi.csproj", "{213CCE2D-B4CB-4C80-9355-C3113B4AA37B}"
EndProject
Global
	GlobalSection(SolutionConfigurationPlatforms) = preSolution
		Debug|Any CPU = Debug|Any CPU
		Release|Any CPU = Release|Any CPU
	EndGlobalSection
	GlobalSection(ProjectConfigurationPlatforms) = postSolution
		{213CCE2D-B4CB-4C80-9355-C3113B4AA37B}.Debug|Any CPU.ActiveCfg = Debug|Any CPU
		{213CCE2D-B4CB-4C80-9355-C3113B4AA37B}.Debug|Any CPU.Build.0 = Debug|Any CPU
		{213CCE2D-B4CB-4C80-9355-C3113B4AA37B}.Release|Any CPU.ActiveCfg = Release|Any CPU
		{213CCE2D-B4CB-4C80-9355-C3113B4AA37B}.Release|Any CPU.Build.0 = Release|Any CPU
	EndGlobalSection
	GlobalSection(SolutionProperties) = preSolution
		HideSolutionNode = FALSE
	EndGlobalSection
	GlobalSection(ExtensibilityGlobals) = postSolution
		SolutionGuid = {FF6819F9-55F7-474A-B6D4-E6DE9E71086A}
	EndGlobalSection
EndGlobal
